PODS:
  - Flutter (1.0.0)
  - flutter_3d_viewer (0.0.1):
    - Flutter
    - GLTFSceneKit
  - GLTFSceneKit (0.3.0)
  - integration_test (0.0.1):
    - Flutter

DEPENDENCIES:
  - Flutter (from `Flutter`)
  - flutter_3d_viewer (from `.symlinks/plugins/flutter_3d_viewer/ios`)
  - integration_test (from `.symlinks/plugins/integration_test/ios`)

SPEC REPOS:
  trunk:
    - GLTFSceneKit

EXTERNAL SOURCES:
  Flutter:
    :path: Flutter
  flutter_3d_viewer:
    :path: ".symlinks/plugins/flutter_3d_viewer/ios"
  integration_test:
    :path: ".symlinks/plugins/integration_test/ios"

SPEC CHECKSUMS:
  Flutter: e0871f40cf51350855a761d2e70bf5af5b9b5de7
  flutter_3d_viewer: 32bee3f88be581d56ce712b909015d4339db378c
  GLTFSceneKit: d1b437c514ba2aed5555afb0fddd64e030612d57
  integration_test: ce0a3ffa1de96d1a89ca0ac26fca7ea18a749ef4

PODFILE CHECKSUM: 819463e6a0290f5a72f145ba7cde16e8b6ef0796

COCOAPODS: 1.15.2
